// !$*UTF8*$!
{
	archiveVersion = 1;
	classes = {
	};
	objectVersion = 55;
	objects = {

/* Begin PBXBuildFile section */
		F306844B2859BBE2003E3275 /* AppDelegate.swift in Sources */ = {isa = PBXBuildFile; fileRef = F306844A2859BBE2003E3275 /* AppDelegate.swift */; };
		F306844D2859BBE2003E3275 /* SceneDelegate.swift in Sources */ = {isa = PBXBuildFile; fileRef = F306844C2859BBE2003E3275 /* SceneDelegate.swift */; };
		F306844F2859BBE2003E3275 /* ViewController.swift in Sources */ = {isa = PBXBuildFile; fileRef = F306844E2859BBE2003E3275 /* ViewController.swift */; };
		F30684522859BBE2003E3275 /* Main.storyboard in Resources */ = {isa = PBXBuildFile; fileRef = F30684502859BBE2003E3275 /* Main.storyboard */; };
		F30684542859BBE4003E3275 /* Assets.xcassets in Resources */ = {isa = PBXBuildFile; fileRef = F30684532859BBE4003E3275 /* Assets.xcassets */; };
		F30684572859BBE4003E3275 /* LaunchScreen.storyboard in Resources */ = {isa = PBXBuildFile; fileRef = F30684552859BBE4003E3275 /* LaunchScreen.storyboard */; };
		F382DEA128656FC600613277 /* model.usdz in Resources */ = {isa = PBXBuildFile; fileRef = F382DE9B28656FC600613277 /* model.usdz */; };
		F382DEA228656FC600613277 /* toy_biplane.usdz in Resources */ = {isa = PBXBuildFile; fileRef = F382DE9C28656FC600613277 /* toy_biplane.usdz */; };
		F382DEA328656FC600613277 /* bugs-bunny.reality in Resources */ = {isa = PBXBuildFile; fileRef = F382DE9D28656FC600613277 /* bugs-bunny.reality */; };
		F382DEA428656FC600613277 /* BlendShapeFace.usdz in Resources */ = {isa = PBXBuildFile; fileRef = F382DE9E28656FC600613277 /* BlendShapeFace.usdz */; };
		F382DEA528656FC600613277 /* FaceMask.rcproject in Sources */ = {isa = PBXBuildFile; fileRef = F382DE9F28656FC600613277 /* FaceMask.rcproject */; };
		F382DEA628656FC600613277 /* robotHead.reality in Resources */ = {isa = PBXBuildFile; fileRef = F382DEA028656FC600613277 /* robotHead.reality */; };
/* End PBXBuildFile section */

/* Begin PBXFileReference section */
		F30684472859BBE2003E3275 /* Chapter.app */ = {isa = PBXFileReference; explicitFileType = wrapper.application; includeInIndex = 0; path = Chapter.app; sourceTree = BUILT_PRODUCTS_DIR; };
		F306844A2859BBE2003E3275 /* AppDelegate.swift */ = {isa = PBXFileReference; lastKnownFileType = sourcecode.swift; path = AppDelegate.swift; sourceTree = "<group>"; };
		F306844C2859BBE2003E3275 /* SceneDelegate.swift */ = {isa = PBXFileReference; lastKnownFileType = sourcecode.swift; path = SceneDelegate.swift; sourceTree = "<group>"; };
		F306844E2859BBE2003E3275 /* ViewController.swift */ = {isa = PBXFileReference; lastKnownFileType = sourcecode.swift; path = ViewController.swift; sourceTree = "<group>"; };
		F30684512859BBE2003E3275 /* Base */ = {isa = PBXFileReference; lastKnownFileType = file.storyboard; name = Base; path = Base.lproj/Main.storyboard; sourceTree = "<group>"; };
		F30684532859BBE4003E3275 /* Assets.xcassets */ = {isa = PBXFileReference; lastKnownFileType = folder.assetcatalog; path = Assets.xcassets; sourceTree = "<group>"; };
		F30684562859BBE4003E3275 /* Base */ = {isa = PBXFileReference; lastKnownFileType = file.storyboard; name = Base; path = Base.lproj/LaunchScreen.storyboard; sourceTree = "<group>"; };
		F30684582859BBE4003E3275 /* Info.plist */ = {isa = PBXFileReference; lastKnownFileType = text.plist.xml; path = Info.plist; sourceTree = "<group>"; };
		F382DE9B28656FC600613277 /* model.usdz */ = {isa = PBXFileReference; lastKnownFileType = file.usdz; path = model.usdz; sourceTree = "<group>"; };
		F382DE9C28656FC600613277 /* toy_biplane.usdz */ = {isa = PBXFileReference; lastKnownFileType = file.usdz; path = toy_biplane.usdz; sourceTree = "<group>"; };
		F382DE9D28656FC600613277 /* bugs-bunny.reality */ = {isa = PBXFileReference; lastKnownFileType = file; path = "bugs-bunny.reality"; sourceTree = "<group>"; };
		F382DE9E28656FC600613277 /* BlendShapeFace.usdz */ = {isa = PBXFileReference; lastKnownFileType = file.usdz; path = BlendShapeFace.usdz; sourceTree = "<group>"; };
		F382DE9F28656FC600613277 /* FaceMask.rcproject */ = {isa = PBXFileReference; lastKnownFileType = file.rcproject; path = FaceMask.rcproject; sourceTree = "<group>"; };
		F382DEA028656FC600613277 /* robotHead.reality */ = {isa = PBXFileReference; lastKnownFileType = file; path = robotHead.reality; sourceTree = "<group>"; };
/* End PBXFileReference section */

/* Begin PBXFrameworksBuildPhase section */
		F30684442859BBE2003E3275 /* Frameworks */ = {
			isa = PBXFrameworksBuildPhase;
			buildActionMask = 2147483647;
			files = (
			);
			runOnlyForDeploymentPostprocessing = 0;
		};
/* End PBXFrameworksBuildPhase section */

/* Begin PBXGroup section */
		F306843E2859BBE2003E3275 = {
			isa = PBXGroup;
			children = (
				F30684492859BBE2003E3275 /* Chapter */,
				F30684482859BBE2003E3275 /* Products */,
			);
			sourceTree = "<group>";
		};
		F30684482859BBE2003E3275 /* Products */ = {
			isa = PBXGroup;
			children = (
				F30684472859BBE2003E3275 /* Chapter.app */,
			);
			name = Products;
			sourceTree = "<group>";
		};
		F30684492859BBE2003E3275 /* Chapter */ = {
			isa = PBXGroup;
			children = (
				F382DE9A28656FC600613277 /* Resource */,
				F306844A2859BBE2003E3275 /* AppDelegate.swift */,
				F306844C2859BBE2003E3275 /* SceneDelegate.swift */,
				F306844E2859BBE2003E3275 /* ViewController.swift */,
				F30684502859BBE2003E3275 /* Main.storyboard */,
				F30684532859BBE4003E3275 /* Assets.xcassets */,
				F30684552859BBE4003E3275 /* LaunchScreen.storyboard */,
				F30684582859BBE4003E3275 /* Info.plist */,
			);
			path = Chapter;
			sourceTree = "<group>";
		};
		F382DE9A28656FC600613277 /* Resource */ = {
			isa = PBXGroup;
			children = (
				F382DE9B28656FC600613277 /* model.usdz */,
				F382DE9C28656FC600613277 /* toy_biplane.usdz */,
				F382DE9D28656FC600613277 /* bugs-bunny.reality */,
				F382DE9E28656FC600613277 /* BlendShapeFace.usdz */,
				F382DE9F28656FC600613277 /* FaceMask.rcproject */,
				F382DEA028656FC600613277 /* robotHead.reality */,
			);
			path = Resource;
			sourceTree = "<group>";
		};
/* End PBXGroup section */

/* Begin PBXNativeTarget section */
		F30684462859BBE2003E3275 /* Chapter */ = {
			isa = PBXNativeTarget;
			buildConfigurationList = F306845B2859BBE4003E3275 /* Build configuration list for PBXNativeTarget "Chapter" */;
			buildPhases = (
				F30684432859BBE2003E3275 /* Sources */,
				F30684442859BBE2003E3275 /* Frameworks */,
				F30684452859BBE2003E3275 /* Resources */,
			);
			buildRules = (
			);
			dependencies = (
			);
			name = Chapter;
			productName = Chapter;
			productReference = F30684472859BBE2003E3275 /* Chapter.app */;
			productType = "com.apple.product-type.application";
		};
/* End PBXNativeTarget section */

/* Begin PBXProject section */
		F306843F2859BBE2003E3275 /* Project object */ = {
			isa = PBXProject;
			attributes = {
				BuildIndependentTargetsInParallel = 1;
				LastSwiftUpdateCheck = 1330;
				LastUpgradeCheck = 1330;
				TargetAttributes = {
					F30684462859BBE2003E3275 = {
						CreatedOnToolsVersion = 13.3;
					};
				};
			};
			buildConfigurationList = F30684422859BBE2003E3275 /* Build configuration list for PBXProject "Chapter" */;
			compatibilityVersion = "Xcode 13.0";
			developmentRegion = en;
			hasScannedForEncodings = 0;
			knownRegions = (
				en,
				Base,
			);
			mainGroup = F306843E2859BBE2003E3275;
			productRefGroup = F30684482859BBE2003E3275 /* Products */;
			projectDirPath = "";
			projectRoot = "";
			targets = (
				F30684462859BBE2003E3275 /* Chapter */,
			);
		};
/* End PBXProject section */

/* Begin PBXResourcesBuildPhase section */
		F30684452859BBE2003E3275 /* Resources */ = {
			isa = PBXResourcesBuildPhase;
			buildActionMask = 2147483647;
			files = (
				F382DEA328656FC600613277 /* bugs-bunny.reality in Resources */,
				F382DEA628656FC600613277 /* robotHead.reality in Resources */,
				F30684572859BBE4003E3275 /* LaunchScreen.storyboard in Resources */,
				F382DEA228656FC600613277 /* toy_biplane.usdz in Resources */,
				F30684542859BBE4003E3275 /* Assets.xcassets in Resources */,
				F30684522859BBE2003E3275 /* Main.storyboard in Resources */,
				F382DEA128656FC600613277 /* model.usdz in Resources */,
				F382DEA428656FC600613277 /* BlendShapeFace.usdz in Resources */,
			);
			runOnlyForDeploymentPostprocessing = 0;
		};
/* End PBXResourcesBuildPhase section */

/* Begin PBXSourcesBuildPhase section */
		F30684432859BBE2003E3275 /* Sources */ = {
			isa = PBXSourcesBuildPhase;
			buildActionMask = 2147483647;
			files = (
				F306844F2859BBE2003E3275 /* ViewController.swift in Sources */,
				F306844B2859BBE2003E3275 /* AppDelegate.swift in Sources */,
				F306844D2859BBE2003E3275 /* SceneDelegate.swift in Sources */,
				F382DEA528656FC600613277 /* FaceMask.rcproject in Sources */,
			);
			runOnlyForDeploymentPostprocessing = 0;
		};
/* End PBXSourcesBuildPhase section */

/* Begin PBXVariantGroup section */
		F30684502859BBE2003E3275 /* Main.storyboard */ = {
			isa = PBXVariantGroup;
			children = (
				F30684512859BBE2003E3275 /* Base */,
			);
			name = Main.storyboard;
			sourceTree = "<group>";
		};
		F30684552859BBE4003E3275 /* LaunchScreen.storyboard */ = {
			isa = PBXVariantGroup;
			children = (
				F30684562859BBE4003E3275 /* Base */,
			);
			name = LaunchScreen.storyboard;
			sourceTree = "<group>";
		};
/* End PBXVariantGroup section */

/* Begin XCBuildConfiguration section */
		F30684592859BBE4003E3275 /* Debug */ = {
			isa = XCBuildConfiguration;
			buildSettings = {
				ALWAYS_SEARCH_USER_PATHS = NO;
				CLANG_ANALYZER_NONNULL = YES;
				CLANG_ANALYZER_NUMBER_OBJECT_CONVERSION = YES_AGGRESSIVE;
				CLANG_CXX_LANGUAGE_STANDARD = "gnu++17";
				CLANG_ENABLE_MODULES = YES;
				CLANG_ENABLE_OBJC_ARC = YES;
				CLANG_ENABLE_OBJC_WEAK = YES;
				CLANG_WARN_BLOCK_CAPTURE_AUTORELEASING = YES;
				CLANG_WARN_BOOL_CONVERSION = YES;
				CLANG_WARN_COMMA = YES;
				CLANG_WARN_CONSTANT_CONVERSION = YES;
				CLANG_WARN_DEPRECATED_OBJC_IMPLEMENTATIONS = YES;
				CLANG_WARN_DIRECT_OBJC_ISA_USAGE = YES_ERROR;
				CLANG_WARN_DOCUMENTATION_COMMENTS = YES;
				CLANG_WARN_EMPTY_BODY = YES;
				CLANG_WARN_ENUM_CONVERSION = YES;
				CLANG_WARN_INFINITE_RECURSION = YES;
				CLANG_WARN_INT_CONVERSION = YES;
				CLANG_WARN_NON_LITERAL_NULL_CONVERSION = YES;
				CLANG_WARN_OBJC_IMPLICIT_RETAIN_SELF = YES;
				CLANG_WARN_OBJC_LITERAL_CONVERSION = YES;
				CLANG_WARN_OBJC_ROOT_CLASS = YES_ERROR;
				CLANG_WARN_QUOTED_INCLUDE_IN_FRAMEWORK_HEADER = YES;
				CLANG_WARN_RANGE_LOOP_ANALYSIS = YES;
				CLANG_WARN_STRICT_PROTOTYPES = YES;
				CLANG_WARN_SUSPICIOUS_MOVE = YES;
				CLANG_WARN_UNGUARDED_AVAILABILITY = YES_AGGRESSIVE;
				CLANG_WARN_UNREACHABLE_CODE = YES;
				CLANG_WARN__DUPLICATE_METHOD_MATCH = YES;
				COPY_PHASE_STRIP = NO;
				DEBUG_INFORMATION_FORMAT = dwarf;
				ENABLE_STRICT_OBJC_MSGSEND = YES;
				ENABLE_TESTABILITY = YES;
				GCC_C_LANGUAGE_STANDARD = gnu11;
				GCC_DYNAMIC_NO_PIC = NO;
				GCC_NO_COMMON_BLOCKS = YES;
				GCC_OPTIMIZATION_LEVEL = 0;
				GCC_PREPROCESSOR_DEFINITIONS = (
					"DEBUG=1",
					"$(inherited)",
				);
				GCC_WARN_64_TO_32_BIT_CONVERSION = YES;
				GCC_WARN_ABOUT_RETURN_TYPE = YES_ERROR;
				GCC_WARN_UNDECLARED_SELECTOR = YES;
				GCC_WARN_UNINITIALIZED_AUTOS = YES_AGGRESSIVE;
				GCC_WARN_UNUSED_FUNCTION = YES;
				GCC_WARN_UNUSED_VARIABLE = YES;
				IPHONEOS_DEPLOYMENT_TARGET = 15.4;
				MTL_ENABLE_DEBUG_INFO = INCLUDE_SOURCE;
				MTL_FAST_MATH = YES;
				ONLY_ACTIVE_ARCH = YES;
				SDKROOT = iphoneos;
				SWIFT_ACTIVE_COMPILATION_CONDITIONS = DEBUG;
				SWIFT_OPTIMIZATION_LEVEL = "-Onone";
			};
			name = Debug;
		};
		F306845A2859BBE4003E3275 /* Release */ = {
			isa = XCBuildConfiguration;
			buildSettings = {
				ALWAYS_SEARCH_USER_PATHS = NO;
				CLANG_ANALYZER_NONNULL = YES;
				CLANG_ANALYZER_NUMBER_OBJECT_CONVERSION = YES_AGGRESSIVE;
				CLANG_CXX_LANGUAGE_STANDARD = "gnu++17";
				CLANG_ENABLE_MODULES = YES;
				CLANG_ENABLE_OBJC_ARC = YES;
				CLANG_ENABLE_OBJC_WEAK = YES;
				CLANG_WARN_BLOCK_CAPTURE_AUTORELEASING = YES;
				CLANG_WARN_BOOL_CONVERSION = YES;
				CLANG_WARN_COMMA = YES;
				CLANG_WARN_CONSTANT_CONVERSION = YES;
				CLANG_WARN_DEPRECATED_OBJC_IMPLEMENTATIONS = YES;
				CLANG_WARN_DIRECT_OBJC_ISA_USAGE = YES_ERROR;
				CLANG_WARN_DOCUMENTATION_COMMENTS = YES;
				CLANG_WARN_EMPTY_BODY = YES;
				CLANG_WARN_ENUM_CONVERSION = YES;
				CLANG_WARN_INFINITE_RECURSION = YES;
				CLANG_WARN_INT_CONVERSION = YES;
				CLANG_WARN_NON_LITERAL_NULL_CONVERSION = YES;
				CLANG_WARN_OBJC_IMPLICIT_RETAIN_SELF = YES;
				CLANG_WARN_OBJC_LITERAL_CONVERSION = YES;
				CLANG_WARN_OBJC_ROOT_CLASS = YES_ERROR;
				CLANG_WARN_QUOTED_INCLUDE_IN_FRAMEWORK_HEADER = YES;
				CLANG_WARN_RANGE_LOOP_ANALYSIS = YES;
				CLANG_WARN_STRICT_PROTOTYPES = YES;
				CLANG_WARN_SUSPICIOUS_MOVE = YES;
				CLANG_WARN_UNGUARDED_AVAILABILITY = YES_AGGRESSIVE;
				CLANG_WARN_UNREACHABLE_CODE = YES;
				CLANG_WARN__DUPLICATE_METHOD_MATCH = YES;
				COPY_PHASE_STRIP = NO;
				DEBUG_INFORMATION_FORMAT = "dwarf-with-dsym";
				ENABLE_NS_ASSERTIONS = NO;
				ENABLE_STRICT_OBJC_MSGSEND = YES;
				GCC_C_LANGUAGE_STANDARD = gnu11;
				GCC_NO_COMMON_BLOCKS = YES;
				GCC_WARN_64_TO_32_BIT_CONVERSION = YES;
				GCC_WARN_ABOUT_RETURN_TYPE = YES_ERROR;
				GCC_WARN_UNDECLARED_SELECTOR = YES;
				GCC_WARN_UNINITIALIZED_AUTOS = YES_AGGRESSIVE;
				GCC_WARN_UNUSED_FUNCTION = YES;
				GCC_WARN_UNUSED_VARIABLE = YES;
				IPHONEOS_DEPLOYMENT_TARGET = 15.4;
				MTL_ENABLE_DEBUG_INFO = NO;
				MTL_FAST_MATH = YES;
				SDKROOT = iphoneos;
				SWIFT_COMPILATION_MODE = wholemodule;
				SWIFT_OPTIMIZATION_LEVEL = "-O";
				VALIDATE_PRODUCT = YES;
			};
			name = Release;
		};
		F306845C2859BBE4003E3275 /* Debug */ = {
			isa = XCBuildConfiguration;
			buildSettings = {
				ASSETCATALOG_COMPILER_APPICON_NAME = AppIcon;
				ASSETCATALOG_COMPILER_GLOBAL_ACCENT_COLOR_NAME = AccentColor;
				CODE_SIGN_STYLE = Automatic;
				CURRENT_PROJECT_VERSION = 1;
				DEVELOPMENT_TEAM = SX7EYW9LC7;
				GENERATE_INFOPLIST_FILE = YES;
				INFOPLIST_FILE = Chapter/Info.plist;
				INFOPLIST_KEY_NSCameraUsageDescription = "相机";
				INFOPLIST_KEY_NSMicrophoneUsageDescription = "麦克风";
				INFOPLIST_KEY_NSPhotoLibraryUsageDescription = "相册";
				INFOPLIST_KEY_UIApplicationSupportsIndirectInputEvents = YES;
				INFOPLIST_KEY_UILaunchStoryboardName = LaunchScreen;
				INFOPLIST_KEY_UIMainStoryboardFile = Main;
				INFOPLIST_KEY_UIRequiredDeviceCapabilities = "armv7 arkit";
				INFOPLIST_KEY_UISupportedInterfaceOrientations_iPad = "UIInterfaceOrientationPortrait UIInterfaceOrientationPortraitUpsideDown UIInterfaceOrientationLandscapeLeft UIInterfaceOrientationLandscapeRight";
				INFOPLIST_KEY_UISupportedInterfaceOrientations_iPhone = "UIInterfaceOrientationPortrait UIInterfaceOrientationLandscapeLeft UIInterfaceOrientationLandscapeRight";
				LD_RUNPATH_SEARCH_PATHS = (
					"$(inherited)",
					"@executable_path/Frameworks",
				);
				MARKETING_VERSION = 1.0;
				PRODUCT_BUNDLE_IDENTIFIER = gpf.test.demo;
				PRODUCT_NAME = "$(TARGET_NAME)";
				SWIFT_EMIT_LOC_STRINGS = YES;
				SWIFT_VERSION = 5.0;
				TARGETED_DEVICE_FAMILY = "1,2";
			};
			name = Debug;
		};
		F306845D2859BBE4003E3275 /* Release */ = {
			isa = XCBuildConfiguration;
			buildSettings = {
				ASSETCATALOG_COMPILER_APPICON_NAME = AppIcon;
				ASSETCATALOG_COMPILER_GLOBAL_ACCENT_COLOR_NAME = AccentColor;
				CODE_SIGN_STYLE = Automatic;
				CURRENT_PROJECT_VERSION = 1;
				DEVELOPMENT_TEAM = SX7EYW9LC7;
				GENERATE_INFOPLIST_FILE = YES;
				INFOPLIST_FILE = Chapter/Info.plist;
				INFOPLIST_KEY_NSCameraUsageDescription = "相机";
				INFOPLIST_KEY_NSMicrophoneUsageDescription = "麦克风";
				INFOPLIST_KEY_NSPhotoLibraryUsageDescription = "相册";
				INFOPLIST_KEY_UIApplicationSupportsIndirectInputEvents = YES;
				INFOPLIST_KEY_UILaunchStoryboardName = LaunchScreen;
				INFOPLIST_KEY_UIMainStoryboardFile = Main;
				INFOPLIST_KEY_UIRequiredDeviceCapabilities = "armv7 arkit";
				INFOPLIST_KEY_UISupportedInterfaceOrientations_iPad = "UIInterfaceOrientationPortrait UIInterfaceOrientationPortraitUpsideDown UIInterfaceOrientationLandscapeLeft UIInterfaceOrientationLandscapeRight";
				INFOPLIST_KEY_UISupportedInterfaceOrientations_iPhone = "UIInterfaceOrientationPortrait UIInterfaceOrientationLandscapeLeft UIInterfaceOrientationLandscapeRight";
				LD_RUNPATH_SEARCH_PATHS = (
					"$(inherited)",
					"@executable_path/Frameworks",
				);
				MARKETING_VERSION = 1.0;
				PRODUCT_BUNDLE_IDENTIFIER = gpf.test.demo;
				PRODUCT_NAME = "$(TARGET_NAME)";
				SWIFT_EMIT_LOC_STRINGS = YES;
				SWIFT_VERSION = 5.0;
				TARGETED_DEVICE_FAMILY = "1,2";
			};
			name = Release;
		};
/* End XCBuildConfiguration section */

/* Begin XCConfigurationList section */
		F30684422859BBE2003E3275 /* Build configuration list for PBXProject "Chapter" */ = {
			isa = XCConfigurationList;
			buildConfigurations = (
				F30684592859BBE4003E3275 /* Debug */,
				F306845A2859BBE4003E3275 /* Release */,
			);
			defaultConfigurationIsVisible = 0;
			defaultConfigurationName = Release;
		};
		F306845B2859BBE4003E3275 /* Build configuration list for PBXNativeTarget "Chapter" */ = {
			isa = XCConfigurationList;
			buildConfigurations = (
				F306845C2859BBE4003E3275 /* Debug */,
				F306845D2859BBE4003E3275 /* Release */,
			);
			defaultConfigurationIsVisible = 0;
			defaultConfigurationName = Release;
		};
/* End XCConfigurationList section */
	};
	rootObject = F306843F2859BBE2003E3275 /* Project object */;
}
