// !$*UTF8*$!
{
	archiveVersion = 1;
	classes = {
	};
	objectVersion = 56;
	objects = {

/* Begin PBXBuildFile section */
		F3140E7A29C8656C005F4ECD /* AppDelegate.swift in Sources */ = {isa = PBXBuildFile; fileRef = F3140E7929C8656C005F4ECD /* AppDelegate.swift */; };
		F3140E7C29C8656C005F4ECD /* SceneDelegate.swift in Sources */ = {isa = PBXBuildFile; fileRef = F3140E7B29C8656C005F4ECD /* SceneDelegate.swift */; };
		F3140E7E29C8656C005F4ECD /* ViewController.swift in Sources */ = {isa = PBXBuildFile; fileRef = F3140E7D29C8656C005F4ECD /* ViewController.swift */; };
		F3140E8129C8656C005F4ECD /* Main.storyboard in Resources */ = {isa = PBXBuildFile; fileRef = F3140E7F29C8656C005F4ECD /* Main.storyboard */; };
		F3140E8329C8656D005F4ECD /* Assets.xcassets in Resources */ = {isa = PBXBuildFile; fileRef = F3140E8229C8656D005F4ECD /* Assets.xcassets */; };
		F3140E8629C8656D005F4ECD /* LaunchScreen.storyboard in Resources */ = {isa = PBXBuildFile; fileRef = F3140E8429C8656D005F4ECD /* LaunchScreen.storyboard */; };
/* End PBXBuildFile section */

/* Begin PBXFileReference section */
		F3140E7629C8656C005F4ECD /* RealityKit基础demo.app */ = {isa = PBXFileReference; explicitFileType = wrapper.application; includeInIndex = 0; path = "RealityKit基础demo.app"; sourceTree = BUILT_PRODUCTS_DIR; };
		F3140E7929C8656C005F4ECD /* AppDelegate.swift */ = {isa = PBXFileReference; lastKnownFileType = sourcecode.swift; path = AppDelegate.swift; sourceTree = "<group>"; };
		F3140E7B29C8656C005F4ECD /* SceneDelegate.swift */ = {isa = PBXFileReference; lastKnownFileType = sourcecode.swift; path = SceneDelegate.swift; sourceTree = "<group>"; };
		F3140E7D29C8656C005F4ECD /* ViewController.swift */ = {isa = PBXFileReference; lastKnownFileType = sourcecode.swift; path = ViewController.swift; sourceTree = "<group>"; };
		F3140E8029C8656C005F4ECD /* Base */ = {isa = PBXFileReference; lastKnownFileType = file.storyboard; name = Base; path = Base.lproj/Main.storyboard; sourceTree = "<group>"; };
		F3140E8229C8656D005F4ECD /* Assets.xcassets */ = {isa = PBXFileReference; lastKnownFileType = folder.assetcatalog; path = Assets.xcassets; sourceTree = "<group>"; };
		F3140E8529C8656D005F4ECD /* Base */ = {isa = PBXFileReference; lastKnownFileType = file.storyboard; name = Base; path = Base.lproj/LaunchScreen.storyboard; sourceTree = "<group>"; };
		F3140E8729C8656D005F4ECD /* Info.plist */ = {isa = PBXFileReference; lastKnownFileType = text.plist.xml; path = Info.plist; sourceTree = "<group>"; };
/* End PBXFileReference section */

/* Begin PBXFrameworksBuildPhase section */
		F3140E7329C8656C005F4ECD /* Frameworks */ = {
			isa = PBXFrameworksBuildPhase;
			buildActionMask = 2147483647;
			files = (
			);
			runOnlyForDeploymentPostprocessing = 0;
		};
/* End PBXFrameworksBuildPhase section */

/* Begin PBXGroup section */
		F3140E6D29C8656C005F4ECD = {
			isa = PBXGroup;
			children = (
				F3140E7829C8656C005F4ECD /* RealityKit基础demo */,
				F3140E7729C8656C005F4ECD /* Products */,
			);
			sourceTree = "<group>";
		};
		F3140E7729C8656C005F4ECD /* Products */ = {
			isa = PBXGroup;
			children = (
				F3140E7629C8656C005F4ECD /* RealityKit基础demo.app */,
			);
			name = Products;
			sourceTree = "<group>";
		};
		F3140E7829C8656C005F4ECD /* RealityKit基础demo */ = {
			isa = PBXGroup;
			children = (
				F3140E7929C8656C005F4ECD /* AppDelegate.swift */,
				F3140E7B29C8656C005F4ECD /* SceneDelegate.swift */,
				F3140E7D29C8656C005F4ECD /* ViewController.swift */,
				F3140E7F29C8656C005F4ECD /* Main.storyboard */,
				F3140E8229C8656D005F4ECD /* Assets.xcassets */,
				F3140E8429C8656D005F4ECD /* LaunchScreen.storyboard */,
				F3140E8729C8656D005F4ECD /* Info.plist */,
			);
			path = "RealityKit基础demo";
			sourceTree = "<group>";
		};
/* End PBXGroup section */

/* Begin PBXNativeTarget section */
		F3140E7529C8656C005F4ECD /* RealityKit基础demo */ = {
			isa = PBXNativeTarget;
			buildConfigurationList = F3140E8A29C8656D005F4ECD /* Build configuration list for PBXNativeTarget "RealityKit基础demo" */;
			buildPhases = (
				F3140E7229C8656C005F4ECD /* Sources */,
				F3140E7329C8656C005F4ECD /* Frameworks */,
				F3140E7429C8656C005F4ECD /* Resources */,
			);
			buildRules = (
			);
			dependencies = (
			);
			name = "RealityKit基础demo";
			productName = "RealityKit基础demo";
			productReference = F3140E7629C8656C005F4ECD /* RealityKit基础demo.app */;
			productType = "com.apple.product-type.application";
		};
/* End PBXNativeTarget section */

/* Begin PBXProject section */
		F3140E6E29C8656C005F4ECD /* Project object */ = {
			isa = PBXProject;
			attributes = {
				BuildIndependentTargetsInParallel = 1;
				LastSwiftUpdateCheck = 1410;
				LastUpgradeCheck = 1410;
				TargetAttributes = {
					F3140E7529C8656C005F4ECD = {
						CreatedOnToolsVersion = 14.1;
					};
				};
			};
			buildConfigurationList = F3140E7129C8656C005F4ECD /* Build configuration list for PBXProject "RealityKit基础demo" */;
			compatibilityVersion = "Xcode 14.0";
			developmentRegion = en;
			hasScannedForEncodings = 0;
			knownRegions = (
				en,
				Base,
			);
			mainGroup = F3140E6D29C8656C005F4ECD;
			productRefGroup = F3140E7729C8656C005F4ECD /* Products */;
			projectDirPath = "";
			projectRoot = "";
			targets = (
				F3140E7529C8656C005F4ECD /* RealityKit基础demo */,
			);
		};
/* End PBXProject section */

/* Begin PBXResourcesBuildPhase section */
		F3140E7429C8656C005F4ECD /* Resources */ = {
			isa = PBXResourcesBuildPhase;
			buildActionMask = 2147483647;
			files = (
				F3140E8629C8656D005F4ECD /* LaunchScreen.storyboard in Resources */,
				F3140E8329C8656D005F4ECD /* Assets.xcassets in Resources */,
				F3140E8129C8656C005F4ECD /* Main.storyboard in Resources */,
			);
			runOnlyForDeploymentPostprocessing = 0;
		};
/* End PBXResourcesBuildPhase section */

/* Begin PBXSourcesBuildPhase section */
		F3140E7229C8656C005F4ECD /* Sources */ = {
			isa = PBXSourcesBuildPhase;
			buildActionMask = 2147483647;
			files = (
				F3140E7E29C8656C005F4ECD /* ViewController.swift in Sources */,
				F3140E7A29C8656C005F4ECD /* AppDelegate.swift in Sources */,
				F3140E7C29C8656C005F4ECD /* SceneDelegate.swift in Sources */,
			);
			runOnlyForDeploymentPostprocessing = 0;
		};
/* End PBXSourcesBuildPhase section */

/* Begin PBXVariantGroup section */
		F3140E7F29C8656C005F4ECD /* Main.storyboard */ = {
			isa = PBXVariantGroup;
			children = (
				F3140E8029C8656C005F4ECD /* Base */,
			);
			name = Main.storyboard;
			sourceTree = "<group>";
		};
		F3140E8429C8656D005F4ECD /* LaunchScreen.storyboard */ = {
			isa = PBXVariantGroup;
			children = (
				F3140E8529C8656D005F4ECD /* Base */,
			);
			name = LaunchScreen.storyboard;
			sourceTree = "<group>";
		};
/* End PBXVariantGroup section */

/* Begin XCBuildConfiguration section */
		F3140E8829C8656D005F4ECD /* Debug */ = {
			isa = XCBuildConfiguration;
			buildSettings = {
				ALWAYS_SEARCH_USER_PATHS = NO;
				CLANG_ANALYZER_NONNULL = YES;
				CLANG_ANALYZER_NUMBER_OBJECT_CONVERSION = YES_AGGRESSIVE;
				CLANG_CXX_LANGUAGE_STANDARD = "gnu++20";
				CLANG_ENABLE_MODULES = YES;
				CLANG_ENABLE_OBJC_ARC = YES;
				CLANG_ENABLE_OBJC_WEAK = YES;
				CLANG_WARN_BLOCK_CAPTURE_AUTORELEASING = YES;
				CLANG_WARN_BOOL_CONVERSION = YES;
				CLANG_WARN_COMMA = YES;
				CLANG_WARN_CONSTANT_CONVERSION = YES;
				CLANG_WARN_DEPRECATED_OBJC_IMPLEMENTATIONS = YES;
				CLANG_WARN_DIRECT_OBJC_ISA_USAGE = YES_ERROR;
				CLANG_WARN_DOCUMENTATION_COMMENTS = YES;
				CLANG_WARN_EMPTY_BODY = YES;
				CLANG_WARN_ENUM_CONVERSION = YES;
				CLANG_WARN_INFINITE_RECURSION = YES;
				CLANG_WARN_INT_CONVERSION = YES;
				CLANG_WARN_NON_LITERAL_NULL_CONVERSION = YES;
				CLANG_WARN_OBJC_IMPLICIT_RETAIN_SELF = YES;
				CLANG_WARN_OBJC_LITERAL_CONVERSION = YES;
				CLANG_WARN_OBJC_ROOT_CLASS = YES_ERROR;
				CLANG_WARN_QUOTED_INCLUDE_IN_FRAMEWORK_HEADER = YES;
				CLANG_WARN_RANGE_LOOP_ANALYSIS = YES;
				CLANG_WARN_STRICT_PROTOTYPES = YES;
				CLANG_WARN_SUSPICIOUS_MOVE = YES;
				CLANG_WARN_UNGUARDED_AVAILABILITY = YES_AGGRESSIVE;
				CLANG_WARN_UNREACHABLE_CODE = YES;
				CLANG_WARN__DUPLICATE_METHOD_MATCH = YES;
				COPY_PHASE_STRIP = NO;
				DEBUG_INFORMATION_FORMAT = dwarf;
				ENABLE_STRICT_OBJC_MSGSEND = YES;
				ENABLE_TESTABILITY = YES;
				GCC_C_LANGUAGE_STANDARD = gnu11;
				GCC_DYNAMIC_NO_PIC = NO;
				GCC_NO_COMMON_BLOCKS = YES;
				GCC_OPTIMIZATION_LEVEL = 0;
				GCC_PREPROCESSOR_DEFINITIONS = (
					"DEBUG=1",
					"$(inherited)",
				);
				GCC_WARN_64_TO_32_BIT_CONVERSION = YES;
				GCC_WARN_ABOUT_RETURN_TYPE = YES_ERROR;
				GCC_WARN_UNDECLARED_SELECTOR = YES;
				GCC_WARN_UNINITIALIZED_AUTOS = YES_AGGRESSIVE;
				GCC_WARN_UNUSED_FUNCTION = YES;
				GCC_WARN_UNUSED_VARIABLE = YES;
				IPHONEOS_DEPLOYMENT_TARGET = 16.1;
				MTL_ENABLE_DEBUG_INFO = INCLUDE_SOURCE;
				MTL_FAST_MATH = YES;
				ONLY_ACTIVE_ARCH = YES;
				SDKROOT = iphoneos;
				SWIFT_ACTIVE_COMPILATION_CONDITIONS = DEBUG;
				SWIFT_OPTIMIZATION_LEVEL = "-Onone";
			};
			name = Debug;
		};
		F3140E8929C8656D005F4ECD /* Release */ = {
			isa = XCBuildConfiguration;
			buildSettings = {
				ALWAYS_SEARCH_USER_PATHS = NO;
				CLANG_ANALYZER_NONNULL = YES;
				CLANG_ANALYZER_NUMBER_OBJECT_CONVERSION = YES_AGGRESSIVE;
				CLANG_CXX_LANGUAGE_STANDARD = "gnu++20";
				CLANG_ENABLE_MODULES = YES;
				CLANG_ENABLE_OBJC_ARC = YES;
				CLANG_ENABLE_OBJC_WEAK = YES;
				CLANG_WARN_BLOCK_CAPTURE_AUTORELEASING = YES;
				CLANG_WARN_BOOL_CONVERSION = YES;
				CLANG_WARN_COMMA = YES;
				CLANG_WARN_CONSTANT_CONVERSION = YES;
				CLANG_WARN_DEPRECATED_OBJC_IMPLEMENTATIONS = YES;
				CLANG_WARN_DIRECT_OBJC_ISA_USAGE = YES_ERROR;
				CLANG_WARN_DOCUMENTATION_COMMENTS = YES;
				CLANG_WARN_EMPTY_BODY = YES;
				CLANG_WARN_ENUM_CONVERSION = YES;
				CLANG_WARN_INFINITE_RECURSION = YES;
				CLANG_WARN_INT_CONVERSION = YES;
				CLANG_WARN_NON_LITERAL_NULL_CONVERSION = YES;
				CLANG_WARN_OBJC_IMPLICIT_RETAIN_SELF = YES;
				CLANG_WARN_OBJC_LITERAL_CONVERSION = YES;
				CLANG_WARN_OBJC_ROOT_CLASS = YES_ERROR;
				CLANG_WARN_QUOTED_INCLUDE_IN_FRAMEWORK_HEADER = YES;
				CLANG_WARN_RANGE_LOOP_ANALYSIS = YES;
				CLANG_WARN_STRICT_PROTOTYPES = YES;
				CLANG_WARN_SUSPICIOUS_MOVE = YES;
				CLANG_WARN_UNGUARDED_AVAILABILITY = YES_AGGRESSIVE;
				CLANG_WARN_UNREACHABLE_CODE = YES;
				CLANG_WARN__DUPLICATE_METHOD_MATCH = YES;
				COPY_PHASE_STRIP = NO;
				DEBUG_INFORMATION_FORMAT = "dwarf-with-dsym";
				ENABLE_NS_ASSERTIONS = NO;
				ENABLE_STRICT_OBJC_MSGSEND = YES;
				GCC_C_LANGUAGE_STANDARD = gnu11;
				GCC_NO_COMMON_BLOCKS = YES;
				GCC_WARN_64_TO_32_BIT_CONVERSION = YES;
				GCC_WARN_ABOUT_RETURN_TYPE = YES_ERROR;
				GCC_WARN_UNDECLARED_SELECTOR = YES;
				GCC_WARN_UNINITIALIZED_AUTOS = YES_AGGRESSIVE;
				GCC_WARN_UNUSED_FUNCTION = YES;
				GCC_WARN_UNUSED_VARIABLE = YES;
				IPHONEOS_DEPLOYMENT_TARGET = 16.1;
				MTL_ENABLE_DEBUG_INFO = NO;
				MTL_FAST_MATH = YES;
				SDKROOT = iphoneos;
				SWIFT_COMPILATION_MODE = wholemodule;
				SWIFT_OPTIMIZATION_LEVEL = "-O";
				VALIDATE_PRODUCT = YES;
			};
			name = Release;
		};
		F3140E8B29C8656D005F4ECD /* Debug */ = {
			isa = XCBuildConfiguration;
			buildSettings = {
				ASSETCATALOG_COMPILER_APPICON_NAME = AppIcon;
				ASSETCATALOG_COMPILER_GLOBAL_ACCENT_COLOR_NAME = AccentColor;
				CODE_SIGN_STYLE = Automatic;
				CURRENT_PROJECT_VERSION = 1;
				DEVELOPMENT_TEAM = SX7EYW9LC7;
				GENERATE_INFOPLIST_FILE = YES;
				INFOPLIST_FILE = "RealityKit基础demo/Info.plist";
				INFOPLIST_KEY_NSCameraUsageDescription = "AR展示及使用需要用到相机功能";
				INFOPLIST_KEY_NSMicrophoneUsageDescription = "录视频时需要使用到麦克风功能";
				INFOPLIST_KEY_NSPhotoLibraryUsageDescription = "保存图片和视频时需要使用相册功能";
				INFOPLIST_KEY_UIApplicationSupportsIndirectInputEvents = YES;
				INFOPLIST_KEY_UILaunchStoryboardName = LaunchScreen;
				INFOPLIST_KEY_UIMainStoryboardFile = Main;
				INFOPLIST_KEY_UISupportedInterfaceOrientations_iPad = "UIInterfaceOrientationPortrait UIInterfaceOrientationPortraitUpsideDown UIInterfaceOrientationLandscapeLeft UIInterfaceOrientationLandscapeRight";
				INFOPLIST_KEY_UISupportedInterfaceOrientations_iPhone = "UIInterfaceOrientationPortrait UIInterfaceOrientationLandscapeLeft UIInterfaceOrientationLandscapeRight";
				IPHONEOS_DEPLOYMENT_TARGET = 15.0;
				LD_RUNPATH_SEARCH_PATHS = (
					"$(inherited)",
					"@executable_path/Frameworks",
				);
				MARKETING_VERSION = 1.0;
				PRODUCT_BUNDLE_IDENTIFIER = gpf.test.demo;
				PRODUCT_NAME = "$(TARGET_NAME)";
				SWIFT_EMIT_LOC_STRINGS = YES;
				SWIFT_VERSION = 5.0;
				TARGETED_DEVICE_FAMILY = "1,2";
			};
			name = Debug;
		};
		F3140E8C29C8656D005F4ECD /* Release */ = {
			isa = XCBuildConfiguration;
			buildSettings = {
				ASSETCATALOG_COMPILER_APPICON_NAME = AppIcon;
				ASSETCATALOG_COMPILER_GLOBAL_ACCENT_COLOR_NAME = AccentColor;
				CODE_SIGN_STYLE = Automatic;
				CURRENT_PROJECT_VERSION = 1;
				DEVELOPMENT_TEAM = SX7EYW9LC7;
				GENERATE_INFOPLIST_FILE = YES;
				INFOPLIST_FILE = "RealityKit基础demo/Info.plist";
				INFOPLIST_KEY_NSCameraUsageDescription = "AR展示及使用需要用到相机功能";
				INFOPLIST_KEY_NSMicrophoneUsageDescription = "录视频时需要使用到麦克风功能";
				INFOPLIST_KEY_NSPhotoLibraryUsageDescription = "保存图片和视频时需要使用相册功能";
				INFOPLIST_KEY_UIApplicationSupportsIndirectInputEvents = YES;
				INFOPLIST_KEY_UILaunchStoryboardName = LaunchScreen;
				INFOPLIST_KEY_UIMainStoryboardFile = Main;
				INFOPLIST_KEY_UISupportedInterfaceOrientations_iPad = "UIInterfaceOrientationPortrait UIInterfaceOrientationPortraitUpsideDown UIInterfaceOrientationLandscapeLeft UIInterfaceOrientationLandscapeRight";
				INFOPLIST_KEY_UISupportedInterfaceOrientations_iPhone = "UIInterfaceOrientationPortrait UIInterfaceOrientationLandscapeLeft UIInterfaceOrientationLandscapeRight";
				IPHONEOS_DEPLOYMENT_TARGET = 15.0;
				LD_RUNPATH_SEARCH_PATHS = (
					"$(inherited)",
					"@executable_path/Frameworks",
				);
				MARKETING_VERSION = 1.0;
				PRODUCT_BUNDLE_IDENTIFIER = gpf.test.demo;
				PRODUCT_NAME = "$(TARGET_NAME)";
				SWIFT_EMIT_LOC_STRINGS = YES;
				SWIFT_VERSION = 5.0;
				TARGETED_DEVICE_FAMILY = "1,2";
			};
			name = Release;
		};
/* End XCBuildConfiguration section */

/* Begin XCConfigurationList section */
		F3140E7129C8656C005F4ECD /* Build configuration list for PBXProject "RealityKit基础demo" */ = {
			isa = XCConfigurationList;
			buildConfigurations = (
				F3140E8829C8656D005F4ECD /* Debug */,
				F3140E8929C8656D005F4ECD /* Release */,
			);
			defaultConfigurationIsVisible = 0;
			defaultConfigurationName = Release;
		};
		F3140E8A29C8656D005F4ECD /* Build configuration list for PBXNativeTarget "RealityKit基础demo" */ = {
			isa = XCConfigurationList;
			buildConfigurations = (
				F3140E8B29C8656D005F4ECD /* Debug */,
				F3140E8C29C8656D005F4ECD /* Release */,
			);
			defaultConfigurationIsVisible = 0;
			defaultConfigurationName = Release;
		};
/* End XCConfigurationList section */
	};
	rootObject = F3140E6E29C8656C005F4ECD /* Project object */;
}
